
Microsoft Visual Studio Solution File, Format Version 12.00
# Visual Studio Version 17
VisualStudioVersion = 17.7.34031.279
MinimumVisualStudioVersion = 10.0.40219.1
Project("{FAE04EC0-301F-11D3-BF4B-00C04F79EFBC}") = "gamelib", "gamelib.csproj", "{B66D52F5-3182-41DC-9980-E02111DB53BE}"
EndProject
Global
	GlobalSection(SolutionConfigurationPlatforms) = preSolution
		Debug|Any CPU = Debug|Any CPU
		Release|Any CPU = Release|Any CPU
	EndGlobalSection
	GlobalSection(ProjectConfigurationPlatforms) = postSolution
		{B66D52F5-3182-41DC-9980-E02111DB53BE}.Debug|Any CPU.ActiveCfg = Debug|Any CPU
		{B66D52F5-3182-41DC-9980-E02111DB53BE}.Debug|Any CPU.Build.0 = Debug|Any CPU
		{B66D52F5-3182-41DC-9980-E02111DB53BE}.Release|Any CPU.ActiveCfg = Release|Any CPU
		{B66D52F5-3182-41DC-9980-E02111DB53BE}.Release|Any CPU.Build.0 = Release|Any CPU
	EndGlobalSection
	GlobalSection(SolutionProperties) = preSolution
		HideSolutionNode = FALSE
	EndGlobalSection
	GlobalSection(ExtensibilityGlobals) = postSolution
		SolutionGuid = {FAABE959-87A8-4F7D-B4AC-53CD6FE3F105}
	EndGlobalSection
EndGlobal
